
Microsoft Visual Studio Solution File, Format Version 12.00
# Visual Studio Version 17
VisualStudioVersion = 17.14.36401.2
MinimumVisualStudioVersion = 10.0.40219.1
Project("{FAE04EC0-301F-11D3-BF4B-00C04F79EFBC}") = "JobSeeker.Shared.Contracts", "JobSeeker.Shared.Contracts\JobSeeker.Shared.Contracts.csproj", "{125F6DE2-02BE-45E8-8083-796EE19E4283}"
EndProject
Project("{FAE04EC0-301F-11D3-BF4B-00C04F79EFBC}") = "JobSeeker.Shared.Common", "JobSeeker.Shared.Common\JobSeeker.Shared.Common.csproj", "{4FDAB6F2-117C-48A3-8051-4A2EC1EE03EB}"
EndProject
Project("{FAE04EC0-301F-11D3-BF4B-00C04F79EFBC}") = "JobSeeker.Shared.Logging", "JobSeeker.Shared.Logging\JobSeeker.Shared.Logging.csproj", "{1358FA39-A22E-4064-9122-C8541570AE90}"
EndProject
Project("{2150E333-8FDC-42A3-9474-1A3956D46DE8}") = "Services", "Services", "{02EA681E-C7D8-13C7-8484-4AC65E1B71E8}"
EndProject
Project("{FAE04EC0-301F-11D3-BF4B-00C04F79EFBC}") = "IdentityService.Api", "IdentityService.Api\IdentityService.Api.csproj", "{B229C516-8304-48FF-8741-087FC422DE76}"
EndProject
Project("{FAE04EC0-301F-11D3-BF4B-00C04F79EFBC}") = "IdentityService.Application", "IdentityService.Application\IdentityService.Application.csproj", "{7A8B8F49-FA93-4FF6-9F39-58C7CC14C419}"
EndProject
Project("{FAE04EC0-301F-11D3-BF4B-00C04F79EFBC}") = "IdentityService.Domain", "IdentityService.Domain\IdentityService.Domain.csproj", "{E705F45C-9BE6-4A5C-B9AF-903E0FCB2006}"
EndProject
Project("{FAE04EC0-301F-11D3-BF4B-00C04F79EFBC}") = "IdentityService.Infrastructure", "IdentityService.Infrastructure\IdentityService.Infrastructure.csproj", "{D0BDA0C7-1F76-4D2A-AB3B-39C229FF15D9}"
EndProject
Project("{FAE04EC0-301F-11D3-BF4B-00C04F79EFBC}") = "IdentityService.Persistence", "IdentityService.Persistence\IdentityService.Persistence.csproj", "{A4B43975-8461-4A90-9F52-113BDA0B60C8}"
EndProject
Project("{FAE04EC0-301F-11D3-BF4B-00C04F79EFBC}") = "JobService.Api", "JobService.Api\JobService.Api.csproj", "{B59BDDF7-309C-4B47-AC21-1571ECC4512E}"
EndProject
Project("{FAE04EC0-301F-11D3-BF4B-00C04F79EFBC}") = "JobService.Application", "JobService.Application\JobService.Application.csproj", "{FC8C4ABE-9CD0-4FF1-8548-42BADC62F99C}"
EndProject
Project("{FAE04EC0-301F-11D3-BF4B-00C04F79EFBC}") = "JobService.Domain", "JobService.Domain\JobService.Domain.csproj", "{1764A7C4-3636-40FB-8521-3F0BD0B0BDA6}"
EndProject
Project("{FAE04EC0-301F-11D3-BF4B-00C04F79EFBC}") = "JobService.Infrastructure", "JobService.Infrastructure\JobService.Infrastructure.csproj", "{32CCCF70-4B1B-41DA-AA4E-09DAFE24A143}"
EndProject
Project("{FAE04EC0-301F-11D3-BF4B-00C04F79EFBC}") = "JobService.Persistence", "JobService.Persistence\JobService.Persistence.csproj", "{906594E6-9653-4C23-BF8A-7FD7E9130C4F}"
EndProject
Project("{FAE04EC0-301F-11D3-BF4B-00C04F79EFBC}") = "ProfileService.Api", "ProfileService.Api\ProfileService.Api.csproj", "{4B2C6004-CBC5-4C6B-B549-2AD05AAE8BA4}"
EndProject
Project("{FAE04EC0-301F-11D3-BF4B-00C04F79EFBC}") = "ProfileService.Application", "ProfileService.Application\ProfileService.Application.csproj", "{471F33A1-41E3-418A-B5D1-277A31491DE9}"
EndProject
Project("{FAE04EC0-301F-11D3-BF4B-00C04F79EFBC}") = "ProfileService.Domain", "ProfileService.Domain\ProfileService.Domain.csproj", "{C9E8B9AC-B6AF-43B4-B15B-FD0A81DFF3ED}"
EndProject
Project("{FAE04EC0-301F-11D3-BF4B-00C04F79EFBC}") = "ProfileService.Infrastructure", "ProfileService.Infrastructure\ProfileService.Infrastructure.csproj", "{6E295E94-0DBC-4648-AD9E-ED8DAB91844F}"
EndProject
Project("{2150E333-8FDC-42A3-9474-1A3956D46DE8}") = "src", "src", "{80F7DA93-51D6-46E6-B29B-23E66429D3C9}"
EndProject
Project("{2150E333-8FDC-42A3-9474-1A3956D46DE8}") = "tests", "tests", "{FCDA67A8-6562-4220-B445-823210E9F940}"
EndProject
Project("{FAE04EC0-301F-11D3-BF4B-00C04F79EFBC}") = "JobService.UnitTests", "JobService.UnitTests\JobService.UnitTests.csproj", "{9AC5C7A0-FF95-4984-BDAF-A1A4072EB5E4}"
EndProject
Project("{FAE04EC0-301F-11D3-BF4B-00C04F79EFBC}") = "JobService.IntegrationTests", "JobService.IntegrationTests\JobService.IntegrationTests.csproj", "{AEAB4CB2-4A06-48AA-8E43-ED0E833EC6CA}"
EndProject
Project("{2150E333-8FDC-42A3-9474-1A3956D46DE8}") = "Solution Items", "Solution Items", "{8EC462FD-D22E-90A8-E5CE-7E832BA40C5D}"
	ProjectSection(SolutionItems) = preProject
		Dockerfile = Dockerfile
	EndProjectSection
EndProject
Project("{FAE04EC0-301F-11D3-BF4B-00C04F79EFBC}") = "AdvertisementService.Api", "AdvertisementService.Api\AdvertisementService.Api.csproj", "{67B553C2-CBDF-4059-9E84-FA6067562294}"
EndProject
Project("{FAE04EC0-301F-11D3-BF4B-00C04F79EFBC}") = "AdvertisementService.Application", "AdvertisementService.Application\AdvertisementService.Application.csproj", "{C73613E5-D8C2-4AB6-B12C-D8EA9F541056}"
EndProject
Project("{FAE04EC0-301F-11D3-BF4B-00C04F79EFBC}") = "AdvertisementService.Domain", "AdvertisementService.Domain\AdvertisementService.Domain.csproj", "{99E2FB6D-49DA-4CEC-891D-72415728D7EB}"
EndProject
Project("{FAE04EC0-301F-11D3-BF4B-00C04F79EFBC}") = "AdvertisementService.Infrastructure", "AdvertisementService.Infrastructure\AdvertisementService.Infrastructure.csproj", "{0C689E72-603A-410F-862E-472693CC516B}"
EndProject
Project("{FAE04EC0-301F-11D3-BF4B-00C04F79EFBC}") = "AdvertisementService.Persistence", "AdvertisementService.Persistence\AdvertisementService.Persistence.csproj", "{53B659A0-007C-4527-92E8-06E4AE8C5139}"
EndProject
Project("{FAE04EC0-301F-11D3-BF4B-00C04F79EFBC}") = "AppJob.Core", "AppJob.Core\AppJob.Core.csproj", "{2214677D-BCF1-705A-4A26-0B50CE24B2D5}"
EndProject
Global
	GlobalSection(SolutionConfigurationPlatforms) = preSolution
		Debug|Any CPU = Debug|Any CPU
		Release|Any CPU = Release|Any CPU
	EndGlobalSection
	GlobalSection(ProjectConfigurationPlatforms) = postSolution
		{125F6DE2-02BE-45E8-8083-796EE19E4283}.Debug|Any CPU.ActiveCfg = Debug|Any CPU
		{125F6DE2-02BE-45E8-8083-796EE19E4283}.Debug|Any CPU.Build.0 = Debug|Any CPU
		{125F6DE2-02BE-45E8-8083-796EE19E4283}.Release|Any CPU.ActiveCfg = Release|Any CPU
		{125F6DE2-02BE-45E8-8083-796EE19E4283}.Release|Any CPU.Build.0 = Release|Any CPU
		{4FDAB6F2-117C-48A3-8051-4A2EC1EE03EB}.Debug|Any CPU.ActiveCfg = Debug|Any CPU
		{4FDAB6F2-117C-48A3-8051-4A2EC1EE03EB}.Debug|Any CPU.Build.0 = Debug|Any CPU
		{4FDAB6F2-117C-48A3-8051-4A2EC1EE03EB}.Release|Any CPU.ActiveCfg = Release|Any CPU
		{4FDAB6F2-117C-48A3-8051-4A2EC1EE03EB}.Release|Any CPU.Build.0 = Release|Any CPU
		{1358FA39-A22E-4064-9122-C8541570AE90}.Debug|Any CPU.ActiveCfg = Debug|Any CPU
		{1358FA39-A22E-4064-9122-C8541570AE90}.Debug|Any CPU.Build.0 = Debug|Any CPU
		{1358FA39-A22E-4064-9122-C8541570AE90}.Release|Any CPU.ActiveCfg = Release|Any CPU
		{1358FA39-A22E-4064-9122-C8541570AE90}.Release|Any CPU.Build.0 = Release|Any CPU
		{B229C516-8304-48FF-8741-087FC422DE76}.Debug|Any CPU.ActiveCfg = Debug|Any CPU
		{B229C516-8304-48FF-8741-087FC422DE76}.Debug|Any CPU.Build.0 = Debug|Any CPU
		{B229C516-8304-48FF-8741-087FC422DE76}.Release|Any CPU.ActiveCfg = Release|Any CPU
		{B229C516-8304-48FF-8741-087FC422DE76}.Release|Any CPU.Build.0 = Release|Any CPU
		{7A8B8F49-FA93-4FF6-9F39-58C7CC14C419}.Debug|Any CPU.ActiveCfg = Debug|Any CPU
		{7A8B8F49-FA93-4FF6-9F39-58C7CC14C419}.Debug|Any CPU.Build.0 = Debug|Any CPU
		{7A8B8F49-FA93-4FF6-9F39-58C7CC14C419}.Release|Any CPU.ActiveCfg = Release|Any CPU
		{7A8B8F49-FA93-4FF6-9F39-58C7CC14C419}.Release|Any CPU.Build.0 = Release|Any CPU
		{E705F45C-9BE6-4A5C-B9AF-903E0FCB2006}.Debug|Any CPU.ActiveCfg = Debug|Any CPU
		{E705F45C-9BE6-4A5C-B9AF-903E0FCB2006}.Debug|Any CPU.Build.0 = Debug|Any CPU
		{E705F45C-9BE6-4A5C-B9AF-903E0FCB2006}.Release|Any CPU.ActiveCfg = Release|Any CPU
		{E705F45C-9BE6-4A5C-B9AF-903E0FCB2006}.Release|Any CPU.Build.0 = Release|Any CPU
		{D0BDA0C7-1F76-4D2A-AB3B-39C229FF15D9}.Debug|Any CPU.ActiveCfg = Debug|Any CPU
		{D0BDA0C7-1F76-4D2A-AB3B-39C229FF15D9}.Debug|Any CPU.Build.0 = Debug|Any CPU
		{D0BDA0C7-1F76-4D2A-AB3B-39C229FF15D9}.Release|Any CPU.ActiveCfg = Release|Any CPU
		{D0BDA0C7-1F76-4D2A-AB3B-39C229FF15D9}.Release|Any CPU.Build.0 = Release|Any CPU
		{A4B43975-8461-4A90-9F52-113BDA0B60C8}.Debug|Any CPU.ActiveCfg = Debug|Any CPU
		{A4B43975-8461-4A90-9F52-113BDA0B60C8}.Debug|Any CPU.Build.0 = Debug|Any CPU
		{A4B43975-8461-4A90-9F52-113BDA0B60C8}.Release|Any CPU.ActiveCfg = Release|Any CPU
		{A4B43975-8461-4A90-9F52-113BDA0B60C8}.Release|Any CPU.Build.0 = Release|Any CPU
		{B59BDDF7-309C-4B47-AC21-1571ECC4512E}.Debug|Any CPU.ActiveCfg = Debug|Any CPU
		{B59BDDF7-309C-4B47-AC21-1571ECC4512E}.Debug|Any CPU.Build.0 = Debug|Any CPU
		{B59BDDF7-309C-4B47-AC21-1571ECC4512E}.Release|Any CPU.ActiveCfg = Release|Any CPU
		{B59BDDF7-309C-4B47-AC21-1571ECC4512E}.Release|Any CPU.Build.0 = Release|Any CPU
		{FC8C4ABE-9CD0-4FF1-8548-42BADC62F99C}.Debug|Any CPU.ActiveCfg = Debug|Any CPU
		{FC8C4ABE-9CD0-4FF1-8548-42BADC62F99C}.Debug|Any CPU.Build.0 = Debug|Any CPU
		{FC8C4ABE-9CD0-4FF1-8548-42BADC62F99C}.Release|Any CPU.ActiveCfg = Release|Any CPU
		{FC8C4ABE-9CD0-4FF1-8548-42BADC62F99C}.Release|Any CPU.Build.0 = Release|Any CPU
		{1764A7C4-3636-40FB-8521-3F0BD0B0BDA6}.Debug|Any CPU.ActiveCfg = Debug|Any CPU
		{1764A7C4-3636-40FB-8521-3F0BD0B0BDA6}.Debug|Any CPU.Build.0 = Debug|Any CPU
		{1764A7C4-3636-40FB-8521-3F0BD0B0BDA6}.Release|Any CPU.ActiveCfg = Release|Any CPU
		{1764A7C4-3636-40FB-8521-3F0BD0B0BDA6}.Release|Any CPU.Build.0 = Release|Any CPU
		{32CCCF70-4B1B-41DA-AA4E-09DAFE24A143}.Debug|Any CPU.ActiveCfg = Debug|Any CPU
		{32CCCF70-4B1B-41DA-AA4E-09DAFE24A143}.Debug|Any CPU.Build.0 = Debug|Any CPU
		{32CCCF70-4B1B-41DA-AA4E-09DAFE24A143}.Release|Any CPU.ActiveCfg = Release|Any CPU
		{32CCCF70-4B1B-41DA-AA4E-09DAFE24A143}.Release|Any CPU.Build.0 = Release|Any CPU
		{906594E6-9653-4C23-BF8A-7FD7E9130C4F}.Debug|Any CPU.ActiveCfg = Debug|Any CPU
		{906594E6-9653-4C23-BF8A-7FD7E9130C4F}.Debug|Any CPU.Build.0 = Debug|Any CPU
		{906594E6-9653-4C23-BF8A-7FD7E9130C4F}.Release|Any CPU.ActiveCfg = Release|Any CPU
		{906594E6-9653-4C23-BF8A-7FD7E9130C4F}.Release|Any CPU.Build.0 = Release|Any CPU
		{4B2C6004-CBC5-4C6B-B549-2AD05AAE8BA4}.Debug|Any CPU.ActiveCfg = Debug|Any CPU
		{4B2C6004-CBC5-4C6B-B549-2AD05AAE8BA4}.Debug|Any CPU.Build.0 = Debug|Any CPU
		{4B2C6004-CBC5-4C6B-B549-2AD05AAE8BA4}.Release|Any CPU.ActiveCfg = Release|Any CPU
		{4B2C6004-CBC5-4C6B-B549-2AD05AAE8BA4}.Release|Any CPU.Build.0 = Release|Any CPU
		{471F33A1-41E3-418A-B5D1-277A31491DE9}.Debug|Any CPU.ActiveCfg = Debug|Any CPU
		{471F33A1-41E3-418A-B5D1-277A31491DE9}.Debug|Any CPU.Build.0 = Debug|Any CPU
		{471F33A1-41E3-418A-B5D1-277A31491DE9}.Release|Any CPU.ActiveCfg = Release|Any CPU
		{471F33A1-41E3-418A-B5D1-277A31491DE9}.Release|Any CPU.Build.0 = Release|Any CPU
		{C9E8B9AC-B6AF-43B4-B15B-FD0A81DFF3ED}.Debug|Any CPU.ActiveCfg = Debug|Any CPU
		{C9E8B9AC-B6AF-43B4-B15B-FD0A81DFF3ED}.Debug|Any CPU.Build.0 = Debug|Any CPU
		{C9E8B9AC-B6AF-43B4-B15B-FD0A81DFF3ED}.Release|Any CPU.ActiveCfg = Release|Any CPU
		{C9E8B9AC-B6AF-43B4-B15B-FD0A81DFF3ED}.Release|Any CPU.Build.0 = Release|Any CPU
		{6E295E94-0DBC-4648-AD9E-ED8DAB91844F}.Debug|Any CPU.ActiveCfg = Debug|Any CPU
		{6E295E94-0DBC-4648-AD9E-ED8DAB91844F}.Debug|Any CPU.Build.0 = Debug|Any CPU
		{6E295E94-0DBC-4648-AD9E-ED8DAB91844F}.Release|Any CPU.ActiveCfg = Release|Any CPU
		{6E295E94-0DBC-4648-AD9E-ED8DAB91844F}.Release|Any CPU.Build.0 = Release|Any CPU
		{9AC5C7A0-FF95-4984-BDAF-A1A4072EB5E4}.Debug|Any CPU.ActiveCfg = Debug|Any CPU
		{9AC5C7A0-FF95-4984-BDAF-A1A4072EB5E4}.Debug|Any CPU.Build.0 = Debug|Any CPU
		{9AC5C7A0-FF95-4984-BDAF-A1A4072EB5E4}.Release|Any CPU.ActiveCfg = Release|Any CPU
		{9AC5C7A0-FF95-4984-BDAF-A1A4072EB5E4}.Release|Any CPU.Build.0 = Release|Any CPU
		{AEAB4CB2-4A06-48AA-8E43-ED0E833EC6CA}.Debug|Any CPU.ActiveCfg = Debug|Any CPU
		{AEAB4CB2-4A06-48AA-8E43-ED0E833EC6CA}.Debug|Any CPU.Build.0 = Debug|Any CPU
		{AEAB4CB2-4A06-48AA-8E43-ED0E833EC6CA}.Release|Any CPU.ActiveCfg = Release|Any CPU
		{AEAB4CB2-4A06-48AA-8E43-ED0E833EC6CA}.Release|Any CPU.Build.0 = Release|Any CPU
		{67B553C2-CBDF-4059-9E84-FA6067562294}.Debug|Any CPU.ActiveCfg = Debug|Any CPU
		{67B553C2-CBDF-4059-9E84-FA6067562294}.Debug|Any CPU.Build.0 = Debug|Any CPU
		{67B553C2-CBDF-4059-9E84-FA6067562294}.Release|Any CPU.ActiveCfg = Release|Any CPU
		{67B553C2-CBDF-4059-9E84-FA6067562294}.Release|Any CPU.Build.0 = Release|Any CPU
		{C73613E5-D8C2-4AB6-B12C-D8EA9F541056}.Debug|Any CPU.ActiveCfg = Debug|Any CPU
		{C73613E5-D8C2-4AB6-B12C-D8EA9F541056}.Debug|Any CPU.Build.0 = Debug|Any CPU
		{C73613E5-D8C2-4AB6-B12C-D8EA9F541056}.Release|Any CPU.ActiveCfg = Release|Any CPU
		{C73613E5-D8C2-4AB6-B12C-D8EA9F541056}.Release|Any CPU.Build.0 = Release|Any CPU
		{99E2FB6D-49DA-4CEC-891D-72415728D7EB}.Debug|Any CPU.ActiveCfg = Debug|Any CPU
		{99E2FB6D-49DA-4CEC-891D-72415728D7EB}.Debug|Any CPU.Build.0 = Debug|Any CPU
		{99E2FB6D-49DA-4CEC-891D-72415728D7EB}.Release|Any CPU.ActiveCfg = Release|Any CPU
		{99E2FB6D-49DA-4CEC-891D-72415728D7EB}.Release|Any CPU.Build.0 = Release|Any CPU
		{0C689E72-603A-410F-862E-472693CC516B}.Debug|Any CPU.ActiveCfg = Debug|Any CPU
		{0C689E72-603A-410F-862E-472693CC516B}.Debug|Any CPU.Build.0 = Debug|Any CPU
		{0C689E72-603A-410F-862E-472693CC516B}.Release|Any CPU.ActiveCfg = Release|Any CPU
		{0C689E72-603A-410F-862E-472693CC516B}.Release|Any CPU.Build.0 = Release|Any CPU
		{53B659A0-007C-4527-92E8-06E4AE8C5139}.Debug|Any CPU.ActiveCfg = Debug|Any CPU
		{53B659A0-007C-4527-92E8-06E4AE8C5139}.Debug|Any CPU.Build.0 = Debug|Any CPU
		{53B659A0-007C-4527-92E8-06E4AE8C5139}.Release|Any CPU.ActiveCfg = Release|Any CPU
		{53B659A0-007C-4527-92E8-06E4AE8C5139}.Release|Any CPU.Build.0 = Release|Any CPU
		{2214677D-BCF1-705A-4A26-0B50CE24B2D5}.Debug|Any CPU.ActiveCfg = Debug|Any CPU
		{2214677D-BCF1-705A-4A26-0B50CE24B2D5}.Debug|Any CPU.Build.0 = Debug|Any CPU
		{2214677D-BCF1-705A-4A26-0B50CE24B2D5}.Release|Any CPU.ActiveCfg = Release|Any CPU
		{2214677D-BCF1-705A-4A26-0B50CE24B2D5}.Release|Any CPU.Build.0 = Release|Any CPU
	EndGlobalSection
	GlobalSection(SolutionProperties) = preSolution
		HideSolutionNode = FALSE
	EndGlobalSection
	GlobalSection(NestedProjects) = preSolution
		{125F6DE2-02BE-45E8-8083-796EE19E4283} = {80F7DA93-51D6-46E6-B29B-23E66429D3C9}
		{4FDAB6F2-117C-48A3-8051-4A2EC1EE03EB} = {80F7DA93-51D6-46E6-B29B-23E66429D3C9}
		{1358FA39-A22E-4064-9122-C8541570AE90} = {80F7DA93-51D6-46E6-B29B-23E66429D3C9}
		{02EA681E-C7D8-13C7-8484-4AC65E1B71E8} = {80F7DA93-51D6-46E6-B29B-23E66429D3C9}
		{B229C516-8304-48FF-8741-087FC422DE76} = {02EA681E-C7D8-13C7-8484-4AC65E1B71E8}
		{7A8B8F49-FA93-4FF6-9F39-58C7CC14C419} = {02EA681E-C7D8-13C7-8484-4AC65E1B71E8}
		{E705F45C-9BE6-4A5C-B9AF-903E0FCB2006} = {02EA681E-C7D8-13C7-8484-4AC65E1B71E8}
		{D0BDA0C7-1F76-4D2A-AB3B-39C229FF15D9} = {02EA681E-C7D8-13C7-8484-4AC65E1B71E8}
		{A4B43975-8461-4A90-9F52-113BDA0B60C8} = {02EA681E-C7D8-13C7-8484-4AC65E1B71E8}
		{B59BDDF7-309C-4B47-AC21-1571ECC4512E} = {02EA681E-C7D8-13C7-8484-4AC65E1B71E8}
		{FC8C4ABE-9CD0-4FF1-8548-42BADC62F99C} = {02EA681E-C7D8-13C7-8484-4AC65E1B71E8}
		{1764A7C4-3636-40FB-8521-3F0BD0B0BDA6} = {02EA681E-C7D8-13C7-8484-4AC65E1B71E8}
		{32CCCF70-4B1B-41DA-AA4E-09DAFE24A143} = {02EA681E-C7D8-13C7-8484-4AC65E1B71E8}
		{906594E6-9653-4C23-BF8A-7FD7E9130C4F} = {02EA681E-C7D8-13C7-8484-4AC65E1B71E8}
		{4B2C6004-CBC5-4C6B-B549-2AD05AAE8BA4} = {02EA681E-C7D8-13C7-8484-4AC65E1B71E8}
		{471F33A1-41E3-418A-B5D1-277A31491DE9} = {02EA681E-C7D8-13C7-8484-4AC65E1B71E8}
		{C9E8B9AC-B6AF-43B4-B15B-FD0A81DFF3ED} = {02EA681E-C7D8-13C7-8484-4AC65E1B71E8}
		{6E295E94-0DBC-4648-AD9E-ED8DAB91844F} = {02EA681E-C7D8-13C7-8484-4AC65E1B71E8}
		{9AC5C7A0-FF95-4984-BDAF-A1A4072EB5E4} = {FCDA67A8-6562-4220-B445-823210E9F940}
		{AEAB4CB2-4A06-48AA-8E43-ED0E833EC6CA} = {FCDA67A8-6562-4220-B445-823210E9F940}
		{67B553C2-CBDF-4059-9E84-FA6067562294} = {02EA681E-C7D8-13C7-8484-4AC65E1B71E8}
		{C73613E5-D8C2-4AB6-B12C-D8EA9F541056} = {02EA681E-C7D8-13C7-8484-4AC65E1B71E8}
		{99E2FB6D-49DA-4CEC-891D-72415728D7EB} = {02EA681E-C7D8-13C7-8484-4AC65E1B71E8}
		{0C689E72-603A-410F-862E-472693CC516B} = {02EA681E-C7D8-13C7-8484-4AC65E1B71E8}
		{53B659A0-007C-4527-92E8-06E4AE8C5139} = {02EA681E-C7D8-13C7-8484-4AC65E1B71E8}
		{2214677D-BCF1-705A-4A26-0B50CE24B2D5} = {02EA681E-C7D8-13C7-8484-4AC65E1B71E8}
	EndGlobalSection
	GlobalSection(ExtensibilityGlobals) = postSolution
		SolutionGuid = {AF402294-27C1-4829-97C7-ADC04642A061}
	EndGlobalSection
EndGlobal
