
Microsoft Visual Studio Solution File, Format Version 12.00
# Visual Studio Version 17
VisualStudioVersion = 17.14.36401.2
MinimumVisualStudioVersion = 10.0.40219.1
Project("{9A19103F-16F7-4668-BE54-9A1E7A4F7556}") = "JobSeeker.Shared.Contracts", "JobSeeker.Shared.Contracts\JobSeeker.Shared.Contracts.csproj", "{125F6DE2-02BE-45E8-8083-796EE19E4283}"
EndProject
Project("{9A19103F-16F7-4668-BE54-9A1E7A4F7556}") = "JobSeeker.Shared.Common", "JobSeeker.Shared.Common\JobSeeker.Shared.Common.csproj", "{4FDAB6F2-117C-48A3-8051-4A2EC1EE03EB}"
EndProject
Project("{9A19103F-16F7-4668-BE54-9A1E7A4F7556}") = "JobSeeker.Shared.Logging", "JobSeeker.Shared.Logging\JobSeeker.Shared.Logging.csproj", "{1358FA39-A22E-4064-9122-C8541570AE90}"
EndProject
Project("{2150E333-8FDC-42A3-9474-1A3956D46DE8}") = "Services", "Services", "{02EA681E-C7D8-13C7-8484-4AC65E1B71E8}"
EndProject
Project("{9A19103F-16F7-4668-BE54-9A1E7A4F7556}") = "IdentityService.Api", "IdentityService.Api\IdentityService.Api.csproj", "{B229C516-8304-48FF-8741-087FC422DE76}"
EndProject
Project("{9A19103F-16F7-4668-BE54-9A1E7A4F7556}") = "IdentityService.Application", "IdentityService.Application\IdentityService.Application.csproj", "{7A8B8F49-FA93-4FF6-9F39-58C7CC14C419}"
EndProject
Project("{9A19103F-16F7-4668-BE54-9A1E7A4F7556}") = "IdentityService.Domain", "IdentityService.Domain\IdentityService.Domain.csproj", "{E705F45C-9BE6-4A5C-B9AF-903E0FCB2006}"
EndProject
Project("{9A19103F-16F7-4668-BE54-9A1E7A4F7556}") = "IdentityService.Infrastructure", "IdentityService.Infrastructure\IdentityService.Infrastructure.csproj", "{D0BDA0C7-1F76-4D2A-AB3B-39C229FF15D9}"
EndProject
Project("{9A19103F-16F7-4668-BE54-9A1E7A4F7556}") = "IdentityService.Persistence", "IdentityService.Persistence\IdentityService.Persistence.csproj", "{A4B43975-8461-4A90-9F52-113BDA0B60C8}"
EndProject
Project("{9A19103F-16F7-4668-BE54-9A1E7A4F7556}") = "JobService.Api", "JobService.Api\JobService.Api.csproj", "{B59BDDF7-309C-4B47-AC21-1571ECC4512E}"
EndProject
Project("{9A19103F-16F7-4668-BE54-9A1E7A4F7556}") = "JobService.Application", "JobService.Application\JobService.Application.csproj", "{FC8C4ABE-9CD0-4FF1-8548-42BADC62F99C}"
EndProject
Project("{9A19103F-16F7-4668-BE54-9A1E7A4F7556}") = "JobService.Domain", "JobService.Domain\JobService.Domain.csproj", "{1764A7C4-3636-40FB-8521-3F0BD0B0BDA6}"
EndProject
Project("{9A19103F-16F7-4668-BE54-9A1E7A4F7556}") = "JobService.Infrastructure", "JobService.Infrastructure\JobService.Infrastructure.csproj", "{32CCCF70-4B1B-41DA-AA4E-09DAFE24A143}"
EndProject
Project("{9A19103F-16F7-4668-BE54-9A1E7A4F7556}") = "JobService.Persistence", "JobService.Persistence\JobService.Persistence.csproj", "{906594E6-9653-4C23-BF8A-7FD7E9130C4F}"
EndProject
Project("{9A19103F-16F7-4668-BE54-9A1E7A4F7556}") = "ProfileService.Api", "ProfileService.Api\ProfileService.Api.csproj", "{4B2C6004-CBC5-4C6B-B549-2AD05AAE8BA4}"
EndProject
Project("{9A19103F-16F7-4668-BE54-9A1E7A4F7556}") = "ProfileService.Application", "ProfileService.Application\ProfileService.Application.csproj", "{471F33A1-41E3-418A-B5D1-277A31491DE9}"
EndProject
Project("{9A19103F-16F7-4668-BE54-9A1E7A4F7556}") = "ProfileService.Domain", "ProfileService.Domain\ProfileService.Domain.csproj", "{C9E8B9AC-B6AF-43B4-B15B-FD0A81DFF3ED}"
EndProject
Project("{9A19103F-16F7-4668-BE54-9A1E7A4F7556}") = "ProfileService.Infrastructure", "ProfileService.Infrastructure\ProfileService.Infrastructure.csproj", "{6E295E94-0DBC-4648-AD9E-ED8DAB91844F}"
EndProject
Project("{2150E333-8FDC-42A3-9474-1A3956D46DE8}") = "src", "src", "{80F7DA93-51D6-46E6-B29B-23E66429D3C9}"
EndProject
Project("{2150E333-8FDC-42A3-9474-1A3956D46DE8}") = "tests", "tests", "{FCDA67A8-6562-4220-B445-823210E9F940}"
EndProject
Project("{9A19103F-16F7-4668-BE54-9A1E7A4F7556}") = "JobService.UnitTests", "JobService.UnitTests\JobService.UnitTests.csproj", "{9AC5C7A0-FF95-4984-BDAF-A1A4072EB5E4}"
EndProject
Project("{9A19103F-16F7-4668-BE54-9A1E7A4F7556}") = "JobService.IntegrationTests", "JobService.IntegrationTests\JobService.IntegrationTests.csproj", "{AEAB4CB2-4A06-48AA-8E43-ED0E833EC6CA}"
EndProject
Project("{2150E333-8FDC-42A3-9474-1A3956D46DE8}") = "Solution Items", "Solution Items", "{8EC462FD-D22E-90A8-E5CE-7E832BA40C5D}"
	ProjectSection(SolutionItems) = preProject
		docker-compose.yml = docker-compose.yml
		Dockerfile = Dockerfile
		docker-compose.yml.old = docker-compose.yml.old
		dockerignore.txt = dockerignore.txt
	EndProjectSection
EndProject
Project("{9A19103F-16F7-4668-BE54-9A1E7A4F7556}") = "AdvertisementService.Api", "AdvertisementService.Api\AdvertisementService.Api.csproj", "{67B553C2-CBDF-4059-9E84-FA6067562294}"
EndProject
Project("{9A19103F-16F7-4668-BE54-9A1E7A4F7556}") = "AdvertisementService.Application", "AdvertisementService.Application\AdvertisementService.Application.csproj", "{C73613E5-D8C2-4AB6-B12C-D8EA9F541056}"
EndProject
Project("{9A19103F-16F7-4668-BE54-9A1E7A4F7556}") = "AdvertisementService.Domain", "AdvertisementService.Domain\AdvertisementService.Domain.csproj", "{99E2FB6D-49DA-4CEC-891D-72415728D7EB}"
EndProject
Project("{9A19103F-16F7-4668-BE54-9A1E7A4F7556}") = "AdvertisementService.Infrastructure", "AdvertisementService.Infrastructure\AdvertisementService.Infrastructure.csproj", "{0C689E72-603A-410F-862E-472693CC516B}"
EndProject
Project("{9A19103F-16F7-4668-BE54-9A1E7A4F7556}") = "AdvertisementService.Persistence", "AdvertisementService.Persistence\AdvertisementService.Persistence.csproj", "{53B659A0-007C-4527-92E8-06E4AE8C5139}"
EndProject
Project("{9A19103F-16F7-4668-BE54-9A1E7A4F7556}") = "AppJob.Core", "AppJob.Core\AppJob.Core.csproj", "{2214677D-BCF1-705A-4A26-0B50CE24B2D5}"
EndProject
Project("{9A19103F-16F7-4668-BE54-9A1E7A4F7556}") = "JobSeeker.Shared.Models", "JobSeeker.Shared.Models\JobSeeker.Shared.Models.csproj", "{E2AAF6F6-2887-47D7-B343-709A87CB2B9E}"
EndProject
Project("{2150E333-8FDC-42A3-9474-1A3956D46DE8}") = "AdvertisementService", "AdvertisementService", "{5CB54973-4712-4B01-8E01-5247AA27C33E}"
EndProject
Project("{2150E333-8FDC-42A3-9474-1A3956D46DE8}") = "IdentityService", "IdentityService", "{17EE228B-A852-411C-B03B-A4A825A27E7E}"
EndProject
Project("{2150E333-8FDC-42A3-9474-1A3956D46DE8}") = "JobService", "JobService", "{3714404B-389E-4DAF-844D-54AA272E0391}"
EndProject
Project("{2150E333-8FDC-42A3-9474-1A3956D46DE8}") = "ProfileService", "ProfileService", "{7FA9E435-D97D-43CB-B9D1-AAB859E7C958}"
EndProject
Project("{2150E333-8FDC-42A3-9474-1A3956D46DE8}") = "Shared", "Shared", "{73E73BA3-0547-43FB-8896-00BEACD6032A}"
EndProject
Project("{9A19103F-16F7-4668-BE54-9A1E7A4F7556}") = "JobSeeker.Shared.Kernel", "JobSeeker.Shared.Kernel\JobSeeker.Shared.Kernel.csproj", "{396DAA8B-526F-46EF-863F-DB8904D645B7}"
EndProject
Project("{2150E333-8FDC-42A3-9474-1A3956D46DE8}") = "AssessmentService", "AssessmentService", "{6336586B-6B9B-43C6-8FC7-6D80CA2F0A47}"
EndProject
Project("{9A19103F-16F7-4668-BE54-9A1E7A4F7556}") = "AssessmentService.Api", "AssessmentService.Api\AssessmentService.Api.csproj", "{71C5A538-9061-4BA8-844A-3BCD2494FC04}"
EndProject
Project("{9A19103F-16F7-4668-BE54-9A1E7A4F7556}") = "AssessmentService.Application", "AssessmentService.Application\AssessmentService.Application.csproj", "{406EA92D-9211-4018-988B-71DACAACAD3E}"
EndProject
Project("{9A19103F-16F7-4668-BE54-9A1E7A4F7556}") = "AssessmentService.Domain", "AssessmentService.Domain\AssessmentService.Domain.csproj", "{BF657BBB-1B22-4BD0-999E-E31AE3E80BEC}"
EndProject
Project("{9A19103F-16F7-4668-BE54-9A1E7A4F7556}") = "AssessmentService.Infrastructure", "AssessmentService.Infrastructure\AssessmentService.Infrastructure.csproj", "{90CB61E4-8A19-4FD5-ACA0-93099D23C790}"
EndProject
Project("{9A19103F-16F7-4668-BE54-9A1E7A4F7556}") = "AssessmentService.Persistance", "AssessmentService.Persistance\AssessmentService.Persistance.csproj", "{E5AADBF7-35A5-4C4C-A418-D874E9A6E169}"
EndProject
Project("{2150E333-8FDC-42A3-9474-1A3956D46DE8}") = "Gateway", "Gateway", "{15F250E4-F446-426B-910D-61C4D5F93614}"
EndProject
Project("{9A19103F-16F7-4668-BE54-9A1E7A4F7556}") = "GateWay", "GateWay\GateWay.csproj", "{4C7EA8D7-8710-4C59-9B5A-7D4249E5B7EA}"
EndProject
Project("{9A19103F-16F7-4668-BE54-9A1E7A4F7556}") = "JobSeeker.Shared.EventBusRabbitMQ", "JobSeeker.Shared.EventBusRabbitMQ\JobSeeker.Shared.EventBusRabbitMQ.csproj", "{A36203BA-3DA6-4130-8AF9-6A31D82090FB}"
EndProject
Project("{9A19103F-16F7-4668-BE54-9A1E7A4F7556}") = "ProfileService.Persistance", "ProfileService.Persistance\ProfileService.Persistance.csproj", "{26CA526F-34FF-4ED7-A3F7-2CD42A15F26D}"
EndProject
Global
	GlobalSection(SolutionConfigurationPlatforms) = preSolution
		Debug|Any CPU = Debug|Any CPU
		Release|Any CPU = Release|Any CPU
	EndGlobalSection
	GlobalSection(ProjectConfigurationPlatforms) = postSolution
		{125F6DE2-02BE-45E8-8083-796EE19E4283}.Debug|Any CPU.ActiveCfg = Debug|Any CPU
		{125F6DE2-02BE-45E8-8083-796EE19E4283}.Debug|Any CPU.Build.0 = Debug|Any CPU
		{125F6DE2-02BE-45E8-8083-796EE19E4283}.Release|Any CPU.ActiveCfg = Release|Any CPU
		{125F6DE2-02BE-45E8-8083-796EE19E4283}.Release|Any CPU.Build.0 = Release|Any CPU
		{4FDAB6F2-117C-48A3-8051-4A2EC1EE03EB}.Debug|Any CPU.ActiveCfg = Debug|Any CPU
		{4FDAB6F2-117C-48A3-8051-4A2EC1EE03EB}.Debug|Any CPU.Build.0 = Debug|Any CPU
		{4FDAB6F2-117C-48A3-8051-4A2EC1EE03EB}.Release|Any CPU.ActiveCfg = Release|Any CPU
		{4FDAB6F2-117C-48A3-8051-4A2EC1EE03EB}.Release|Any CPU.Build.0 = Release|Any CPU
		{1358FA39-A22E-4064-9122-C8541570AE90}.Debug|Any CPU.ActiveCfg = Debug|Any CPU
		{1358FA39-A22E-4064-9122-C8541570AE90}.Debug|Any CPU.Build.0 = Debug|Any CPU
		{1358FA39-A22E-4064-9122-C8541570AE90}.Release|Any CPU.ActiveCfg = Release|Any CPU
		{1358FA39-A22E-4064-9122-C8541570AE90}.Release|Any CPU.Build.0 = Release|Any CPU
		{B229C516-8304-48FF-8741-087FC422DE76}.Debug|Any CPU.ActiveCfg = Debug|Any CPU
		{B229C516-8304-48FF-8741-087FC422DE76}.Debug|Any CPU.Build.0 = Debug|Any CPU
		{B229C516-8304-48FF-8741-087FC422DE76}.Release|Any CPU.ActiveCfg = Release|Any CPU
		{B229C516-8304-48FF-8741-087FC422DE76}.Release|Any CPU.Build.0 = Release|Any CPU
		{7A8B8F49-FA93-4FF6-9F39-58C7CC14C419}.Debug|Any CPU.ActiveCfg = Debug|Any CPU
		{7A8B8F49-FA93-4FF6-9F39-58C7CC14C419}.Debug|Any CPU.Build.0 = Debug|Any CPU
		{7A8B8F49-FA93-4FF6-9F39-58C7CC14C419}.Release|Any CPU.ActiveCfg = Release|Any CPU
		{7A8B8F49-FA93-4FF6-9F39-58C7CC14C419}.Release|Any CPU.Build.0 = Release|Any CPU
		{E705F45C-9BE6-4A5C-B9AF-903E0FCB2006}.Debug|Any CPU.ActiveCfg = Debug|Any CPU
		{E705F45C-9BE6-4A5C-B9AF-903E0FCB2006}.Debug|Any CPU.Build.0 = Debug|Any CPU
		{E705F45C-9BE6-4A5C-B9AF-903E0FCB2006}.Release|Any CPU.ActiveCfg = Release|Any CPU
		{E705F45C-9BE6-4A5C-B9AF-903E0FCB2006}.Release|Any CPU.Build.0 = Release|Any CPU
		{D0BDA0C7-1F76-4D2A-AB3B-39C229FF15D9}.Debug|Any CPU.ActiveCfg = Debug|Any CPU
		{D0BDA0C7-1F76-4D2A-AB3B-39C229FF15D9}.Debug|Any CPU.Build.0 = Debug|Any CPU
		{D0BDA0C7-1F76-4D2A-AB3B-39C229FF15D9}.Release|Any CPU.ActiveCfg = Release|Any CPU
		{D0BDA0C7-1F76-4D2A-AB3B-39C229FF15D9}.Release|Any CPU.Build.0 = Release|Any CPU
		{A4B43975-8461-4A90-9F52-113BDA0B60C8}.Debug|Any CPU.ActiveCfg = Debug|Any CPU
		{A4B43975-8461-4A90-9F52-113BDA0B60C8}.Debug|Any CPU.Build.0 = Debug|Any CPU
		{A4B43975-8461-4A90-9F52-113BDA0B60C8}.Release|Any CPU.ActiveCfg = Release|Any CPU
		{A4B43975-8461-4A90-9F52-113BDA0B60C8}.Release|Any CPU.Build.0 = Release|Any CPU
		{B59BDDF7-309C-4B47-AC21-1571ECC4512E}.Debug|Any CPU.ActiveCfg = Debug|Any CPU
		{B59BDDF7-309C-4B47-AC21-1571ECC4512E}.Debug|Any CPU.Build.0 = Debug|Any CPU
		{B59BDDF7-309C-4B47-AC21-1571ECC4512E}.Release|Any CPU.ActiveCfg = Release|Any CPU
		{B59BDDF7-309C-4B47-AC21-1571ECC4512E}.Release|Any CPU.Build.0 = Release|Any CPU
		{FC8C4ABE-9CD0-4FF1-8548-42BADC62F99C}.Debug|Any CPU.ActiveCfg = Debug|Any CPU
		{FC8C4ABE-9CD0-4FF1-8548-42BADC62F99C}.Debug|Any CPU.Build.0 = Debug|Any CPU
		{FC8C4ABE-9CD0-4FF1-8548-42BADC62F99C}.Release|Any CPU.ActiveCfg = Release|Any CPU
		{FC8C4ABE-9CD0-4FF1-8548-42BADC62F99C}.Release|Any CPU.Build.0 = Release|Any CPU
		{1764A7C4-3636-40FB-8521-3F0BD0B0BDA6}.Debug|Any CPU.ActiveCfg = Debug|Any CPU
		{1764A7C4-3636-40FB-8521-3F0BD0B0BDA6}.Debug|Any CPU.Build.0 = Debug|Any CPU
		{1764A7C4-3636-40FB-8521-3F0BD0B0BDA6}.Release|Any CPU.ActiveCfg = Release|Any CPU
		{1764A7C4-3636-40FB-8521-3F0BD0B0BDA6}.Release|Any CPU.Build.0 = Release|Any CPU
		{32CCCF70-4B1B-41DA-AA4E-09DAFE24A143}.Debug|Any CPU.ActiveCfg = Debug|Any CPU
		{32CCCF70-4B1B-41DA-AA4E-09DAFE24A143}.Debug|Any CPU.Build.0 = Debug|Any CPU
		{32CCCF70-4B1B-41DA-AA4E-09DAFE24A143}.Release|Any CPU.ActiveCfg = Release|Any CPU
		{32CCCF70-4B1B-41DA-AA4E-09DAFE24A143}.Release|Any CPU.Build.0 = Release|Any CPU
		{906594E6-9653-4C23-BF8A-7FD7E9130C4F}.Debug|Any CPU.ActiveCfg = Debug|Any CPU
		{906594E6-9653-4C23-BF8A-7FD7E9130C4F}.Debug|Any CPU.Build.0 = Debug|Any CPU
		{906594E6-9653-4C23-BF8A-7FD7E9130C4F}.Release|Any CPU.ActiveCfg = Release|Any CPU
		{906594E6-9653-4C23-BF8A-7FD7E9130C4F}.Release|Any CPU.Build.0 = Release|Any CPU
		{4B2C6004-CBC5-4C6B-B549-2AD05AAE8BA4}.Debug|Any CPU.ActiveCfg = Debug|Any CPU
		{4B2C6004-CBC5-4C6B-B549-2AD05AAE8BA4}.Debug|Any CPU.Build.0 = Debug|Any CPU
		{4B2C6004-CBC5-4C6B-B549-2AD05AAE8BA4}.Release|Any CPU.ActiveCfg = Release|Any CPU
		{4B2C6004-CBC5-4C6B-B549-2AD05AAE8BA4}.Release|Any CPU.Build.0 = Release|Any CPU
		{471F33A1-41E3-418A-B5D1-277A31491DE9}.Debug|Any CPU.ActiveCfg = Debug|Any CPU
		{471F33A1-41E3-418A-B5D1-277A31491DE9}.Debug|Any CPU.Build.0 = Debug|Any CPU
		{471F33A1-41E3-418A-B5D1-277A31491DE9}.Release|Any CPU.ActiveCfg = Release|Any CPU
		{471F33A1-41E3-418A-B5D1-277A31491DE9}.Release|Any CPU.Build.0 = Release|Any CPU
		{C9E8B9AC-B6AF-43B4-B15B-FD0A81DFF3ED}.Debug|Any CPU.ActiveCfg = Debug|Any CPU
		{C9E8B9AC-B6AF-43B4-B15B-FD0A81DFF3ED}.Debug|Any CPU.Build.0 = Debug|Any CPU
		{C9E8B9AC-B6AF-43B4-B15B-FD0A81DFF3ED}.Release|Any CPU.ActiveCfg = Release|Any CPU
		{C9E8B9AC-B6AF-43B4-B15B-FD0A81DFF3ED}.Release|Any CPU.Build.0 = Release|Any CPU
		{6E295E94-0DBC-4648-AD9E-ED8DAB91844F}.Debug|Any CPU.ActiveCfg = Debug|Any CPU
		{6E295E94-0DBC-4648-AD9E-ED8DAB91844F}.Debug|Any CPU.Build.0 = Debug|Any CPU
		{6E295E94-0DBC-4648-AD9E-ED8DAB91844F}.Release|Any CPU.ActiveCfg = Release|Any CPU
		{6E295E94-0DBC-4648-AD9E-ED8DAB91844F}.Release|Any CPU.Build.0 = Release|Any CPU
		{9AC5C7A0-FF95-4984-BDAF-A1A4072EB5E4}.Debug|Any CPU.ActiveCfg = Debug|Any CPU
		{9AC5C7A0-FF95-4984-BDAF-A1A4072EB5E4}.Debug|Any CPU.Build.0 = Debug|Any CPU
		{9AC5C7A0-FF95-4984-BDAF-A1A4072EB5E4}.Release|Any CPU.ActiveCfg = Release|Any CPU
		{9AC5C7A0-FF95-4984-BDAF-A1A4072EB5E4}.Release|Any CPU.Build.0 = Release|Any CPU
		{AEAB4CB2-4A06-48AA-8E43-ED0E833EC6CA}.Debug|Any CPU.ActiveCfg = Debug|Any CPU
		{AEAB4CB2-4A06-48AA-8E43-ED0E833EC6CA}.Debug|Any CPU.Build.0 = Debug|Any CPU
		{AEAB4CB2-4A06-48AA-8E43-ED0E833EC6CA}.Release|Any CPU.ActiveCfg = Release|Any CPU
		{AEAB4CB2-4A06-48AA-8E43-ED0E833EC6CA}.Release|Any CPU.Build.0 = Release|Any CPU
		{67B553C2-CBDF-4059-9E84-FA6067562294}.Debug|Any CPU.ActiveCfg = Debug|Any CPU
		{67B553C2-CBDF-4059-9E84-FA6067562294}.Debug|Any CPU.Build.0 = Debug|Any CPU
		{67B553C2-CBDF-4059-9E84-FA6067562294}.Release|Any CPU.ActiveCfg = Release|Any CPU
		{67B553C2-CBDF-4059-9E84-FA6067562294}.Release|Any CPU.Build.0 = Release|Any CPU
		{C73613E5-D8C2-4AB6-B12C-D8EA9F541056}.Debug|Any CPU.ActiveCfg = Debug|Any CPU
		{C73613E5-D8C2-4AB6-B12C-D8EA9F541056}.Debug|Any CPU.Build.0 = Debug|Any CPU
		{C73613E5-D8C2-4AB6-B12C-D8EA9F541056}.Release|Any CPU.ActiveCfg = Release|Any CPU
		{C73613E5-D8C2-4AB6-B12C-D8EA9F541056}.Release|Any CPU.Build.0 = Release|Any CPU
		{99E2FB6D-49DA-4CEC-891D-72415728D7EB}.Debug|Any CPU.ActiveCfg = Debug|Any CPU
		{99E2FB6D-49DA-4CEC-891D-72415728D7EB}.Debug|Any CPU.Build.0 = Debug|Any CPU
		{99E2FB6D-49DA-4CEC-891D-72415728D7EB}.Release|Any CPU.ActiveCfg = Release|Any CPU
		{99E2FB6D-49DA-4CEC-891D-72415728D7EB}.Release|Any CPU.Build.0 = Release|Any CPU
		{0C689E72-603A-410F-862E-472693CC516B}.Debug|Any CPU.ActiveCfg = Debug|Any CPU
		{0C689E72-603A-410F-862E-472693CC516B}.Debug|Any CPU.Build.0 = Debug|Any CPU
		{0C689E72-603A-410F-862E-472693CC516B}.Release|Any CPU.ActiveCfg = Release|Any CPU
		{0C689E72-603A-410F-862E-472693CC516B}.Release|Any CPU.Build.0 = Release|Any CPU
		{53B659A0-007C-4527-92E8-06E4AE8C5139}.Debug|Any CPU.ActiveCfg = Debug|Any CPU
		{53B659A0-007C-4527-92E8-06E4AE8C5139}.Debug|Any CPU.Build.0 = Debug|Any CPU
		{53B659A0-007C-4527-92E8-06E4AE8C5139}.Release|Any CPU.ActiveCfg = Release|Any CPU
		{53B659A0-007C-4527-92E8-06E4AE8C5139}.Release|Any CPU.Build.0 = Release|Any CPU
		{2214677D-BCF1-705A-4A26-0B50CE24B2D5}.Debug|Any CPU.ActiveCfg = Debug|Any CPU
		{2214677D-BCF1-705A-4A26-0B50CE24B2D5}.Debug|Any CPU.Build.0 = Debug|Any CPU
		{2214677D-BCF1-705A-4A26-0B50CE24B2D5}.Release|Any CPU.ActiveCfg = Release|Any CPU
		{2214677D-BCF1-705A-4A26-0B50CE24B2D5}.Release|Any CPU.Build.0 = Release|Any CPU
		{E2AAF6F6-2887-47D7-B343-709A87CB2B9E}.Debug|Any CPU.ActiveCfg = Debug|Any CPU
		{E2AAF6F6-2887-47D7-B343-709A87CB2B9E}.Debug|Any CPU.Build.0 = Debug|Any CPU
		{E2AAF6F6-2887-47D7-B343-709A87CB2B9E}.Release|Any CPU.ActiveCfg = Release|Any CPU
		{E2AAF6F6-2887-47D7-B343-709A87CB2B9E}.Release|Any CPU.Build.0 = Release|Any CPU
		{396DAA8B-526F-46EF-863F-DB8904D645B7}.Debug|Any CPU.ActiveCfg = Debug|Any CPU
		{396DAA8B-526F-46EF-863F-DB8904D645B7}.Debug|Any CPU.Build.0 = Debug|Any CPU
		{396DAA8B-526F-46EF-863F-DB8904D645B7}.Release|Any CPU.ActiveCfg = Release|Any CPU
		{396DAA8B-526F-46EF-863F-DB8904D645B7}.Release|Any CPU.Build.0 = Release|Any CPU
		{71C5A538-9061-4BA8-844A-3BCD2494FC04}.Debug|Any CPU.ActiveCfg = Debug|Any CPU
		{71C5A538-9061-4BA8-844A-3BCD2494FC04}.Debug|Any CPU.Build.0 = Debug|Any CPU
		{71C5A538-9061-4BA8-844A-3BCD2494FC04}.Release|Any CPU.ActiveCfg = Release|Any CPU
		{71C5A538-9061-4BA8-844A-3BCD2494FC04}.Release|Any CPU.Build.0 = Release|Any CPU
		{406EA92D-9211-4018-988B-71DACAACAD3E}.Debug|Any CPU.ActiveCfg = Debug|Any CPU
		{406EA92D-9211-4018-988B-71DACAACAD3E}.Debug|Any CPU.Build.0 = Debug|Any CPU
		{406EA92D-9211-4018-988B-71DACAACAD3E}.Release|Any CPU.ActiveCfg = Release|Any CPU
		{406EA92D-9211-4018-988B-71DACAACAD3E}.Release|Any CPU.Build.0 = Release|Any CPU
		{BF657BBB-1B22-4BD0-999E-E31AE3E80BEC}.Debug|Any CPU.ActiveCfg = Debug|Any CPU
		{BF657BBB-1B22-4BD0-999E-E31AE3E80BEC}.Debug|Any CPU.Build.0 = Debug|Any CPU
		{BF657BBB-1B22-4BD0-999E-E31AE3E80BEC}.Release|Any CPU.ActiveCfg = Release|Any CPU
		{BF657BBB-1B22-4BD0-999E-E31AE3E80BEC}.Release|Any CPU.Build.0 = Release|Any CPU
		{90CB61E4-8A19-4FD5-ACA0-93099D23C790}.Debug|Any CPU.ActiveCfg = Debug|Any CPU
		{90CB61E4-8A19-4FD5-ACA0-93099D23C790}.Debug|Any CPU.Build.0 = Debug|Any CPU
		{90CB61E4-8A19-4FD5-ACA0-93099D23C790}.Release|Any CPU.ActiveCfg = Release|Any CPU
		{90CB61E4-8A19-4FD5-ACA0-93099D23C790}.Release|Any CPU.Build.0 = Release|Any CPU
		{E5AADBF7-35A5-4C4C-A418-D874E9A6E169}.Debug|Any CPU.ActiveCfg = Debug|Any CPU
		{E5AADBF7-35A5-4C4C-A418-D874E9A6E169}.Debug|Any CPU.Build.0 = Debug|Any CPU
		{E5AADBF7-35A5-4C4C-A418-D874E9A6E169}.Release|Any CPU.ActiveCfg = Release|Any CPU
		{E5AADBF7-35A5-4C4C-A418-D874E9A6E169}.Release|Any CPU.Build.0 = Release|Any CPU
		{4C7EA8D7-8710-4C59-9B5A-7D4249E5B7EA}.Debug|Any CPU.ActiveCfg = Debug|Any CPU
		{4C7EA8D7-8710-4C59-9B5A-7D4249E5B7EA}.Debug|Any CPU.Build.0 = Debug|Any CPU
		{4C7EA8D7-8710-4C59-9B5A-7D4249E5B7EA}.Release|Any CPU.ActiveCfg = Release|Any CPU
		{4C7EA8D7-8710-4C59-9B5A-7D4249E5B7EA}.Release|Any CPU.Build.0 = Release|Any CPU
		{A36203BA-3DA6-4130-8AF9-6A31D82090FB}.Debug|Any CPU.ActiveCfg = Debug|Any CPU
		{A36203BA-3DA6-4130-8AF9-6A31D82090FB}.Debug|Any CPU.Build.0 = Debug|Any CPU
		{A36203BA-3DA6-4130-8AF9-6A31D82090FB}.Release|Any CPU.ActiveCfg = Release|Any CPU
		{A36203BA-3DA6-4130-8AF9-6A31D82090FB}.Release|Any CPU.Build.0 = Release|Any CPU
		{26CA526F-34FF-4ED7-A3F7-2CD42A15F26D}.Debug|Any CPU.ActiveCfg = Debug|Any CPU
		{26CA526F-34FF-4ED7-A3F7-2CD42A15F26D}.Debug|Any CPU.Build.0 = Debug|Any CPU
		{26CA526F-34FF-4ED7-A3F7-2CD42A15F26D}.Release|Any CPU.ActiveCfg = Release|Any CPU
		{26CA526F-34FF-4ED7-A3F7-2CD42A15F26D}.Release|Any CPU.Build.0 = Release|Any CPU
	EndGlobalSection
	GlobalSection(SolutionProperties) = preSolution
		HideSolutionNode = FALSE
	EndGlobalSection
	GlobalSection(NestedProjects) = preSolution
		{125F6DE2-02BE-45E8-8083-796EE19E4283} = {73E73BA3-0547-43FB-8896-00BEACD6032A}
		{4FDAB6F2-117C-48A3-8051-4A2EC1EE03EB} = {73E73BA3-0547-43FB-8896-00BEACD6032A}
		{1358FA39-A22E-4064-9122-C8541570AE90} = {73E73BA3-0547-43FB-8896-00BEACD6032A}
		{02EA681E-C7D8-13C7-8484-4AC65E1B71E8} = {80F7DA93-51D6-46E6-B29B-23E66429D3C9}
		{B229C516-8304-48FF-8741-087FC422DE76} = {17EE228B-A852-411C-B03B-A4A825A27E7E}
		{7A8B8F49-FA93-4FF6-9F39-58C7CC14C419} = {17EE228B-A852-411C-B03B-A4A825A27E7E}
		{E705F45C-9BE6-4A5C-B9AF-903E0FCB2006} = {17EE228B-A852-411C-B03B-A4A825A27E7E}
		{D0BDA0C7-1F76-4D2A-AB3B-39C229FF15D9} = {17EE228B-A852-411C-B03B-A4A825A27E7E}
		{A4B43975-8461-4A90-9F52-113BDA0B60C8} = {17EE228B-A852-411C-B03B-A4A825A27E7E}
		{B59BDDF7-309C-4B47-AC21-1571ECC4512E} = {3714404B-389E-4DAF-844D-54AA272E0391}
		{FC8C4ABE-9CD0-4FF1-8548-42BADC62F99C} = {3714404B-389E-4DAF-844D-54AA272E0391}
		{1764A7C4-3636-40FB-8521-3F0BD0B0BDA6} = {3714404B-389E-4DAF-844D-54AA272E0391}
		{32CCCF70-4B1B-41DA-AA4E-09DAFE24A143} = {3714404B-389E-4DAF-844D-54AA272E0391}
		{906594E6-9653-4C23-BF8A-7FD7E9130C4F} = {3714404B-389E-4DAF-844D-54AA272E0391}
		{4B2C6004-CBC5-4C6B-B549-2AD05AAE8BA4} = {7FA9E435-D97D-43CB-B9D1-AAB859E7C958}
		{471F33A1-41E3-418A-B5D1-277A31491DE9} = {7FA9E435-D97D-43CB-B9D1-AAB859E7C958}
		{C9E8B9AC-B6AF-43B4-B15B-FD0A81DFF3ED} = {7FA9E435-D97D-43CB-B9D1-AAB859E7C958}
		{6E295E94-0DBC-4648-AD9E-ED8DAB91844F} = {7FA9E435-D97D-43CB-B9D1-AAB859E7C958}
		{9AC5C7A0-FF95-4984-BDAF-A1A4072EB5E4} = {FCDA67A8-6562-4220-B445-823210E9F940}
		{AEAB4CB2-4A06-48AA-8E43-ED0E833EC6CA} = {FCDA67A8-6562-4220-B445-823210E9F940}
		{67B553C2-CBDF-4059-9E84-FA6067562294} = {5CB54973-4712-4B01-8E01-5247AA27C33E}
		{C73613E5-D8C2-4AB6-B12C-D8EA9F541056} = {5CB54973-4712-4B01-8E01-5247AA27C33E}
		{99E2FB6D-49DA-4CEC-891D-72415728D7EB} = {5CB54973-4712-4B01-8E01-5247AA27C33E}
		{0C689E72-603A-410F-862E-472693CC516B} = {5CB54973-4712-4B01-8E01-5247AA27C33E}
		{53B659A0-007C-4527-92E8-06E4AE8C5139} = {5CB54973-4712-4B01-8E01-5247AA27C33E}
		{2214677D-BCF1-705A-4A26-0B50CE24B2D5} = {02EA681E-C7D8-13C7-8484-4AC65E1B71E8}
		{E2AAF6F6-2887-47D7-B343-709A87CB2B9E} = {73E73BA3-0547-43FB-8896-00BEACD6032A}
		{5CB54973-4712-4B01-8E01-5247AA27C33E} = {02EA681E-C7D8-13C7-8484-4AC65E1B71E8}
		{17EE228B-A852-411C-B03B-A4A825A27E7E} = {02EA681E-C7D8-13C7-8484-4AC65E1B71E8}
		{3714404B-389E-4DAF-844D-54AA272E0391} = {02EA681E-C7D8-13C7-8484-4AC65E1B71E8}
		{7FA9E435-D97D-43CB-B9D1-AAB859E7C958} = {02EA681E-C7D8-13C7-8484-4AC65E1B71E8}
		{73E73BA3-0547-43FB-8896-00BEACD6032A} = {80F7DA93-51D6-46E6-B29B-23E66429D3C9}
		{396DAA8B-526F-46EF-863F-DB8904D645B7} = {73E73BA3-0547-43FB-8896-00BEACD6032A}
		{6336586B-6B9B-43C6-8FC7-6D80CA2F0A47} = {02EA681E-C7D8-13C7-8484-4AC65E1B71E8}
		{71C5A538-9061-4BA8-844A-3BCD2494FC04} = {6336586B-6B9B-43C6-8FC7-6D80CA2F0A47}
		{406EA92D-9211-4018-988B-71DACAACAD3E} = {6336586B-6B9B-43C6-8FC7-6D80CA2F0A47}
		{BF657BBB-1B22-4BD0-999E-E31AE3E80BEC} = {6336586B-6B9B-43C6-8FC7-6D80CA2F0A47}
		{90CB61E4-8A19-4FD5-ACA0-93099D23C790} = {6336586B-6B9B-43C6-8FC7-6D80CA2F0A47}
		{E5AADBF7-35A5-4C4C-A418-D874E9A6E169} = {6336586B-6B9B-43C6-8FC7-6D80CA2F0A47}
		{15F250E4-F446-426B-910D-61C4D5F93614} = {02EA681E-C7D8-13C7-8484-4AC65E1B71E8}
		{4C7EA8D7-8710-4C59-9B5A-7D4249E5B7EA} = {15F250E4-F446-426B-910D-61C4D5F93614}
		{26CA526F-34FF-4ED7-A3F7-2CD42A15F26D} = {7FA9E435-D97D-43CB-B9D1-AAB859E7C958}
	EndGlobalSection
	GlobalSection(ExtensibilityGlobals) = postSolution
		SolutionGuid = {AF402294-27C1-4829-97C7-ADC04642A061}
	EndGlobalSection
EndGlobal
